
Microsoft Visual Studio Solution File, Format Version 12.00
# Visual Studio 15
VisualStudioVersion = 15.0.26430.15
MinimumVisualStudioVersion = 10.0.40219.1
Project("{FAE04EC0-301F-11D3-BF4B-00C04F79EFBC}") = "q2", "q2\q2.csproj", "{678CF4F4-4D3A-4782-872B-D060E49F3BCE}"
EndProject
Global
	GlobalSection(SolutionConfigurationPlatforms) = preSolution
		Debug|Any CPU = Debug|Any CPU
		Release|Any CPU = Release|Any CPU
	EndGlobalSection
	GlobalSection(ProjectConfigurationPlatforms) = postSolution
		{678CF4F4-4D3A-4782-872B-D060E49F3BCE}.Debug|Any CPU.ActiveCfg = Debug|Any CPU
		{678CF4F4-4D3A-4782-872B-D060E49F3BCE}.Debug|Any CPU.Build.0 = Debug|Any CPU
		{678CF4F4-4D3A-4782-872B-D060E49F3BCE}.Release|Any CPU.ActiveCfg = Release|Any CPU
		{678CF4F4-4D3A-4782-872B-D060E49F3BCE}.Release|Any CPU.Build.0 = Release|Any CPU
	EndGlobalSection
	GlobalSection(SolutionProperties) = preSolution
		HideSolutionNode = FALSE
	EndGlobalSection
EndGlobal
